
Microsoft Visual Studio Solution File, Format Version 12.00
# Visual Studio Version 17
VisualStudioVersion = 17.7.34031.279
MinimumVisualStudioVersion = 10.0.40219.1
Project("{FAE04EC0-301F-11D3-BF4B-00C04F79EFBC}") = "Enum", "Enum\Enum.csproj", "{5AE721C9-606A-496A-8ECA-191393371D9C}"
EndProject
Global
	GlobalSection(SolutionConfigurationPlatforms) = preSolution
		Debug|Any CPU = Debug|Any CPU
		Release|Any CPU = Release|Any CPU
	EndGlobalSection
	GlobalSection(ProjectConfigurationPlatforms) = postSolution
		{5AE721C9-606A-496A-8ECA-191393371D9C}.Debug|Any CPU.ActiveCfg = Debug|Any CPU
		{5AE721C9-606A-496A-8ECA-191393371D9C}.Debug|Any CPU.Build.0 = Debug|Any CPU
		{5AE721C9-606A-496A-8ECA-191393371D9C}.Release|Any CPU.ActiveCfg = Release|Any CPU
		{5AE721C9-606A-496A-8ECA-191393371D9C}.Release|Any CPU.Build.0 = Release|Any CPU
	EndGlobalSection
	GlobalSection(SolutionProperties) = preSolution
		HideSolutionNode = FALSE
	EndGlobalSection
	GlobalSection(ExtensibilityGlobals) = postSolution
		SolutionGuid = {55C9FDF3-C2B8-4D1D-AC04-2C8C11ABB7DD}
	EndGlobalSection
EndGlobal
